
Microsoft Visual Studio Solution File, Format Version 12.00
# Visual Studio Version 16
VisualStudioVersion = 16.0.29409.12
MinimumVisualStudioVersion = 10.0.40219.1
Project("{FAE04EC0-301F-11D3-BF4B-00C04F79EFBC}") = "UknownYoutubeApp", "UknownApp\UknownYoutubeApp.csproj", "{C0810D5E-092F-4F8B-8629-AF89B7155737}"
EndProject
Global
	GlobalSection(SolutionConfigurationPlatforms) = preSolution
		Debug|Any CPU = Debug|Any CPU
		Debug|x64 = Debug|x64
		Release|Any CPU = Release|Any CPU
		Release|x64 = Release|x64
		X64|Any CPU = X64|Any CPU
		X64|x64 = X64|x64
	EndGlobalSection
	GlobalSection(ProjectConfigurationPlatforms) = postSolution
		{C0810D5E-092F-4F8B-8629-AF89B7155737}.Debug|Any CPU.ActiveCfg = Debug|Any CPU
		{C0810D5E-092F-4F8B-8629-AF89B7155737}.Debug|Any CPU.Build.0 = Debug|Any CPU
		{C0810D5E-092F-4F8B-8629-AF89B7155737}.Debug|x64.ActiveCfg = Debug|x64
		{C0810D5E-092F-4F8B-8629-AF89B7155737}.Debug|x64.Build.0 = Debug|x64
		{C0810D5E-092F-4F8B-8629-AF89B7155737}.Release|Any CPU.ActiveCfg = Release|Any CPU
		{C0810D5E-092F-4F8B-8629-AF89B7155737}.Release|Any CPU.Build.0 = Release|Any CPU
		{C0810D5E-092F-4F8B-8629-AF89B7155737}.Release|x64.ActiveCfg = Release|x64
		{C0810D5E-092F-4F8B-8629-AF89B7155737}.Release|x64.Build.0 = Release|x64
		{C0810D5E-092F-4F8B-8629-AF89B7155737}.X64|Any CPU.ActiveCfg = X64|x64
		{C0810D5E-092F-4F8B-8629-AF89B7155737}.X64|Any CPU.Build.0 = X64|Any CPU
		{C0810D5E-092F-4F8B-8629-AF89B7155737}.X64|x64.ActiveCfg = X64|x64
		{C0810D5E-092F-4F8B-8629-AF89B7155737}.X64|x64.Build.0 = X64|x64
	EndGlobalSection
	GlobalSection(SolutionProperties) = preSolution
		HideSolutionNode = FALSE
	EndGlobalSection
	GlobalSection(ExtensibilityGlobals) = postSolution
		SolutionGuid = {AF9CBF88-451C-4104-947C-78568F453445}
	EndGlobalSection
EndGlobal
